
Microsoft Visual Studio Solution File, Format Version 12.00
# Visual Studio 15
VisualStudioVersion = 15.0.26730.15
MinimumVisualStudioVersion = 10.0.40219.1
Project("{FAE04EC0-301F-11D3-BF4B-00C04F79EFBC}") = "Mainxx.CsOutput", "Mainxx.CsOutput\Mainxx.CsOutput.csproj", "{90653D37-46CF-4CFC-B463-EEBAA8AD047A}"
EndProject
Project("{FAE04EC0-301F-11D3-BF4B-00C04F79EFBC}") = "Demo", "Demo\Demo.csproj", "{16892E69-9FEC-489B-AA95-978CEED123BF}"
EndProject
Global
	GlobalSection(SolutionConfigurationPlatforms) = preSolution
		Debug|Any CPU = Debug|Any CPU
		Release|Any CPU = Release|Any CPU
	EndGlobalSection
	GlobalSection(ProjectConfigurationPlatforms) = postSolution
		{90653D37-46CF-4CFC-B463-EEBAA8AD047A}.Debug|Any CPU.ActiveCfg = Debug|Any CPU
		{90653D37-46CF-4CFC-B463-EEBAA8AD047A}.Debug|Any CPU.Build.0 = Debug|Any CPU
		{90653D37-46CF-4CFC-B463-EEBAA8AD047A}.Release|Any CPU.ActiveCfg = Release|Any CPU
		{90653D37-46CF-4CFC-B463-EEBAA8AD047A}.Release|Any CPU.Build.0 = Release|Any CPU
		{16892E69-9FEC-489B-AA95-978CEED123BF}.Debug|Any CPU.ActiveCfg = Debug|Any CPU
		{16892E69-9FEC-489B-AA95-978CEED123BF}.Debug|Any CPU.Build.0 = Debug|Any CPU
		{16892E69-9FEC-489B-AA95-978CEED123BF}.Release|Any CPU.ActiveCfg = Release|Any CPU
		{16892E69-9FEC-489B-AA95-978CEED123BF}.Release|Any CPU.Build.0 = Release|Any CPU
	EndGlobalSection
	GlobalSection(SolutionProperties) = preSolution
		HideSolutionNode = FALSE
	EndGlobalSection
	GlobalSection(ExtensibilityGlobals) = postSolution
		SolutionGuid = {952B69AB-83DC-42CA-A4CF-EA4F2989280F}
	EndGlobalSection
EndGlobal
